
Microsoft Visual Studio Solution File, Format Version 12.00
# Visual Studio Version 17
VisualStudioVersion = 17.1.32210.238
MinimumVisualStudioVersion = 10.0.40219.1
Project("{FAE04EC0-301F-11D3-BF4B-00C04F79EFBC}") = "UseCase-7-Snake-and-Ladder-2-Player", "UseCase-7-Snake-and-Ladder-2-Player\UseCase-7-Snake-and-Ladder-2-Player.csproj", "{BC0FCC5F-8B6C-45C5-B5EF-1ED46CB448AB}"
EndProject
Global
	GlobalSection(SolutionConfigurationPlatforms) = preSolution
		Debug|Any CPU = Debug|Any CPU
		Release|Any CPU = Release|Any CPU
	EndGlobalSection
	GlobalSection(ProjectConfigurationPlatforms) = postSolution
		{BC0FCC5F-8B6C-45C5-B5EF-1ED46CB448AB}.Debug|Any CPU.ActiveCfg = Debug|Any CPU
		{BC0FCC5F-8B6C-45C5-B5EF-1ED46CB448AB}.Debug|Any CPU.Build.0 = Debug|Any CPU
		{BC0FCC5F-8B6C-45C5-B5EF-1ED46CB448AB}.Release|Any CPU.ActiveCfg = Release|Any CPU
		{BC0FCC5F-8B6C-45C5-B5EF-1ED46CB448AB}.Release|Any CPU.Build.0 = Release|Any CPU
	EndGlobalSection
	GlobalSection(SolutionProperties) = preSolution
		HideSolutionNode = FALSE
	EndGlobalSection
	GlobalSection(ExtensibilityGlobals) = postSolution
		SolutionGuid = {56D99B78-D2C3-4E27-9EBF-BE20C6454725}
	EndGlobalSection
EndGlobal
